
Microsoft Visual Studio Solution File, Format Version 12.00
# Visual Studio 15
VisualStudioVersion = 15.0.28307.1062
MinimumVisualStudioVersion = 10.0.40219.1
Project("{FAE04EC0-301F-11D3-BF4B-00C04F79EFBC}") = "WebApiCSharp", "WebApiCSharp\WebApiCSharp.csproj", "{D139D458-22D0-49F6-8AD1-2303947F68AB}"
EndProject
Global
	GlobalSection(SolutionConfigurationPlatforms) = preSolution
		Debug|Any CPU = Debug|Any CPU
		Release|Any CPU = Release|Any CPU
	EndGlobalSection
	GlobalSection(ProjectConfigurationPlatforms) = postSolution
		{D139D458-22D0-49F6-8AD1-2303947F68AB}.Debug|Any CPU.ActiveCfg = Debug|Any CPU
		{D139D458-22D0-49F6-8AD1-2303947F68AB}.Debug|Any CPU.Build.0 = Debug|Any CPU
		{D139D458-22D0-49F6-8AD1-2303947F68AB}.Release|Any CPU.ActiveCfg = Release|Any CPU
		{D139D458-22D0-49F6-8AD1-2303947F68AB}.Release|Any CPU.Build.0 = Release|Any CPU
	EndGlobalSection
	GlobalSection(SolutionProperties) = preSolution
		HideSolutionNode = FALSE
	EndGlobalSection
	GlobalSection(ExtensibilityGlobals) = postSolution
		SolutionGuid = {8E23715F-23CF-4035-AD40-BCAD7C4D0CF4}
	EndGlobalSection
EndGlobal
